{
  "nodes": {
    "flake-compat": {
      "flake": false,
      "locked": {
        "lastModified": 1673956053,
        "narHash": "sha256-4gtG9iQuiKITOjNQQeQIpoIB6b16fm+504Ch3sNKLd8=",
        "owner": "edolstra",
        "repo": "flake-compat",
        "rev": "35bb57c0c8d8b62bbfd284272c928ceb64ddbde9",
        "type": "github"
      },
      "original": {
        "owner": "edolstra",
        "repo": "flake-compat",
        "type": "github"
      }
    },
    "flake-utils": {
      "inputs": {
        "systems": "systems"
      },
      "locked": {
        "lastModified": 1681202837,
        "narHash": "sha256-H+Rh19JDwRtpVPAWp64F+rlEtxUWBAQW28eAi3SRSzg=",
        "owner": "numtide",
        "repo": "flake-utils",
        "rev": "cfacdce06f30d2b68473a46042957675eebb3401",
        "type": "github"
      },
      "original": {
        "owner": "numtide",
        "repo": "flake-utils",
        "type": "github"
      }
    },
    "flake-utils_2": {
      "inputs": {
        "systems": "systems_2"
      },
      "locked": {
        "lastModified": 1681202837,
        "narHash": "sha256-H+Rh19JDwRtpVPAWp64F+rlEtxUWBAQW28eAi3SRSzg=",
        "owner": "numtide",
        "repo": "flake-utils",
        "rev": "cfacdce06f30d2b68473a46042957675eebb3401",
        "type": "github"
      },
      "original": {
        "owner": "numtide",
        "repo": "flake-utils",
        "type": "github"
      }
    },
    "flake-utils_3": {
      "inputs": {
        "systems": "systems_3"
      },
      "locked": {
        "lastModified": 1681202837,
        "narHash": "sha256-H+Rh19JDwRtpVPAWp64F+rlEtxUWBAQW28eAi3SRSzg=",
        "owner": "numtide",
        "repo": "flake-utils",
        "rev": "cfacdce06f30d2b68473a46042957675eebb3401",
        "type": "github"
      },
      "original": {
        "owner": "numtide",
        "repo": "flake-utils",
        "type": "github"
      }
    },
    "flake-utils_4": {
      "inputs": {
        "systems": "systems_4"
      },
      "locked": {
        "lastModified": 1681202837,
        "narHash": "sha256-H+Rh19JDwRtpVPAWp64F+rlEtxUWBAQW28eAi3SRSzg=",
        "owner": "numtide",
        "repo": "flake-utils",
        "rev": "cfacdce06f30d2b68473a46042957675eebb3401",
        "type": "github"
      },
      "original": {
        "owner": "numtide",
        "repo": "flake-utils",
        "type": "github"
      }
    },
    "microvm": {
      "inputs": {
        "flake-utils": "flake-utils_2",
        "nixpkgs": "nixpkgs"
      },
      "locked": {
        "lastModified": 1684969255,
        "narHash": "sha256-+iBErzebke3kp5Jqf4loM04Q24D32GZ8dEhXYBKWK7o=",
        "owner": "astro",
        "repo": "microvm.nix",
        "rev": "583785ae6c046288c8451667f3182ffee9662006",
        "type": "github"
      },
      "original": {
        "owner": "astro",
        "repo": "microvm.nix",
        "type": "github"
      }
    },
    "nix-alien": {
      "inputs": {
        "flake-compat": "flake-compat",
        "flake-utils": "flake-utils_3",
        "nix-index-database": "nix-index-database",
        "nixpkgs": "nixpkgs_2"
      },
      "locked": {
        "lastModified": 1684692304,
        "narHash": "sha256-Vxm1X653raqWrVaTplxmsrJqwCIBAPxS8gCxSYADGXU=",
        "owner": "thiagokokada",
        "repo": "nix-alien",
        "rev": "936c78f734260784b8df29535e7ef83fa9563fd7",
        "type": "github"
      },
      "original": {
        "owner": "thiagokokada",
        "repo": "nix-alien",
        "type": "github"
      }
    },
    "nix-bubblewrap": {
      "inputs": {
        "flake-utils": "flake-utils_4",
        "nixpkgs": "nixpkgs_3"
      },
      "locked": {
        "lastModified": 1667333413,
        "narHash": "sha256-QGR6Src6UNXac3fgoe9PW40bAOYy0f05DGcRD2ae2S4=",
        "owner": "~fgaz",
        "repo": "nix-bubblewrap",
        "rev": "a24e9553ee84d01aa2f9b35f30c75728864dfa52",
        "type": "sourcehut"
      },
      "original": {
        "owner": "~fgaz",
        "repo": "nix-bubblewrap",
        "type": "sourcehut"
      }
    },
    "nix-index-database": {
      "inputs": {
        "nixpkgs": [
          "nix-alien",
          "nixpkgs"
        ]
      },
      "locked": {
        "lastModified": 1683638468,
        "narHash": "sha256-tQEaGZfZ2Hpw+XIVEHaJ8FaF1yNQyMDDhUyIQ7LTIEg=",
        "owner": "Mic92",
        "repo": "nix-index-database",
        "rev": "219067a5e3cf4b9581c8b4fcfc59ecd5af953d07",
        "type": "github"
      },
      "original": {
        "owner": "Mic92",
        "repo": "nix-index-database",
        "type": "github"
      }
    },
    "nixpkgs": {
      "locked": {
        "lastModified": 1684844536,
        "narHash": "sha256-M7HhXYVqAuNb25r/d3FOO0z4GxPqDIZp5UjHFbBgw0Q=",
        "owner": "nixos",
        "repo": "nixpkgs",
        "rev": "d30264c2691128adc261d7c9388033645f0e742b",
        "type": "github"
      },
      "original": {
        "owner": "nixos",
        "ref": "nixos-unstable",
        "repo": "nixpkgs",
        "type": "github"
      }
    },
    "nixpkgs-22_11": {
      "locked": {
        "narHash": "sha256-BOSq/QiX7MDs8tUnAt4+nYTJctgYkzVSNL95qlfMYeM=",
        "type": "tarball",
        "url": "https://git.home.macdermid.ca/mirror/nixpkgs/archive/nixos-22.11.tar.gz"
      },
      "original": {
        "type": "tarball",
        "url": "https://git.home.macdermid.ca/mirror/nixpkgs/archive/nixos-22.11.tar.gz"
      }
    },
    "nixpkgs-master": {
      "locked": {
        "narHash": "sha256-yi0ai0RQ8a6rGHrVWHDbBOt0yT+bnLWH7ANs68UopIo=",
        "type": "tarball",
        "url": "https://git.home.macdermid.ca/mirror/nixpkgs/archive/master.tar.gz"
      },
      "original": {
        "type": "tarball",
        "url": "https://git.home.macdermid.ca/mirror/nixpkgs/archive/master.tar.gz"
      }
    },
    "nixpkgs-stable": {
      "locked": {
        "lastModified": 1684632198,
        "narHash": "sha256-SdxMPd0WmU9MnDBuuy7ouR++GftrThmSGL7PCQj/uVI=",
        "owner": "NixOS",
        "repo": "nixpkgs",
        "rev": "d0dade110dc7072d67ce27826cfe9ab2ab0cf247",
        "type": "github"
      },
      "original": {
        "owner": "NixOS",
        "ref": "release-22.11",
        "repo": "nixpkgs",
        "type": "github"
      }
    },
    "nixpkgs-staging-next": {
      "locked": {
        "narHash": "sha256-rCNu/0CySYxGSgHxV+BNtVinNJaF7jKpAGt/m4N1DgU=",
        "type": "tarball",
        "url": "https://git.home.macdermid.ca/mirror/nixpkgs/archive/staging-next.tar.gz"
      },
      "original": {
        "type": "tarball",
        "url": "https://git.home.macdermid.ca/mirror/nixpkgs/archive/staging-next.tar.gz"
      }
    },
    "nixpkgs_2": {
      "locked": {
        "lastModified": 1684091592,
        "narHash": "sha256-GBGqOd/owyHARCM/kz1OGnUUqEWGWEVcj9+zrl3vVlI=",
        "owner": "NixOS",
        "repo": "nixpkgs",
        "rev": "3007746b3f5bfcb49e102b517bca891822a41b31",
        "type": "github"
      },
      "original": {
        "owner": "NixOS",
        "ref": "nixpkgs-unstable",
        "repo": "nixpkgs",
        "type": "github"
      }
    },
    "nixpkgs_3": {
      "locked": {
        "narHash": "sha256-plGnjnbnPLoZCTdQX21oT7xliQhFtgcWlkuDHgtEb1o=",
        "path": "/nix/store/hc2y6044ksiz4vs1cyhy6qzd6szxvm4c-source",
        "type": "path"
      },
      "original": {
        "id": "nixpkgs",
        "type": "indirect"
      }
    },
    "nixpkgs_4": {
      "locked": {
        "narHash": "sha256-6QMMsXMr2nhmOPHdti2j3KRHt+bai2zw+LJfdCl97Mk=",
        "type": "tarball",
        "url": "https://git.home.macdermid.ca/mirror/nixpkgs/archive/nixos-unstable.tar.gz"
      },
      "original": {
        "type": "tarball",
        "url": "https://git.home.macdermid.ca/mirror/nixpkgs/archive/nixos-unstable.tar.gz"
      }
    },
    "nixpkgs_5": {
      "locked": {
        "lastModified": 1684585791,
        "narHash": "sha256-lYPboblKrchmbkGMoAcAivomiOscZCjtGxxTSCY51SM=",
        "owner": "NixOS",
        "repo": "nixpkgs",
        "rev": "eea79d584eff53bf7a76aeb63f8845da6d386129",
        "type": "github"
      },
      "original": {
        "owner": "NixOS",
        "ref": "nixpkgs-unstable",
        "repo": "nixpkgs",
        "type": "github"
      }
    },
    "root": {
      "inputs": {
        "flake-utils": "flake-utils",
        "microvm": "microvm",
        "nix-alien": "nix-alien",
        "nix-bubblewrap": "nix-bubblewrap",
        "nixpkgs": "nixpkgs_4",
        "nixpkgs-22_11": "nixpkgs-22_11",
        "nixpkgs-master": "nixpkgs-master",
        "nixpkgs-stable": [
          "nixpkgs-22_11"
        ],
        "nixpkgs-staging-next": "nixpkgs-staging-next",
        "sops-nix": "sops-nix"
      }
    },
    "sops-nix": {
      "inputs": {
        "nixpkgs": "nixpkgs_5",
        "nixpkgs-stable": "nixpkgs-stable"
      },
      "locked": {
        "lastModified": 1684637723,
        "narHash": "sha256-0vAxL7MVMhGbTkAyvzLvleELHjVsaS43p+PR1h9gzNQ=",
        "owner": "Mic92",
        "repo": "sops-nix",
        "rev": "4ccdfb573f323a108a44c13bb7730e42baf962a9",
        "type": "github"
      },
      "original": {
        "owner": "Mic92",
        "repo": "sops-nix",
        "type": "github"
      }
    },
    "systems": {
      "locked": {
        "lastModified": 1681028828,
        "narHash": "sha256-Vy1rq5AaRuLzOxct8nz4T6wlgyUR7zLU309k9mBC768=",
        "owner": "nix-systems",
        "repo": "default",
        "rev": "da67096a3b9bf56a91d16901293e51ba5b49a27e",
        "type": "github"
      },
      "original": {
        "owner": "nix-systems",
        "repo": "default",
        "type": "github"
      }
    },
    "systems_2": {
      "locked": {
        "lastModified": 1681028828,
        "narHash": "sha256-Vy1rq5AaRuLzOxct8nz4T6wlgyUR7zLU309k9mBC768=",
        "owner": "nix-systems",
        "repo": "default",
        "rev": "da67096a3b9bf56a91d16901293e51ba5b49a27e",
        "type": "github"
      },
      "original": {
        "owner": "nix-systems",
        "repo": "default",
        "type": "github"
      }
    },
    "systems_3": {
      "locked": {
        "lastModified": 1681028828,
        "narHash": "sha256-Vy1rq5AaRuLzOxct8nz4T6wlgyUR7zLU309k9mBC768=",
        "owner": "nix-systems",
        "repo": "default",
        "rev": "da67096a3b9bf56a91d16901293e51ba5b49a27e",
        "type": "github"
      },
      "original": {
        "owner": "nix-systems",
        "repo": "default",
        "type": "github"
      }
    },
    "systems_4": {
      "locked": {
        "lastModified": 1681028828,
        "narHash": "sha256-Vy1rq5AaRuLzOxct8nz4T6wlgyUR7zLU309k9mBC768=",
        "owner": "nix-systems",
        "repo": "default",
        "rev": "da67096a3b9bf56a91d16901293e51ba5b49a27e",
        "type": "github"
      },
      "original": {
        "owner": "nix-systems",
        "repo": "default",
        "type": "github"
      }
    }
  },
  "root": "root",
  "version": 7
}
