{
  "nodes": {
    "flake-utils": {
      "locked": {
        "lastModified": 1644229661,
        "narHash": "sha256-1YdnJAsNy69bpcjuoKdOYQX0YxZBiCYZo4Twxerqv7k=",
        "owner": "numtide",
        "repo": "flake-utils",
        "rev": "3cecb5b042f7f209c56ffd8371b2711a290ec797",
        "type": "github"
      },
      "original": {
        "owner": "numtide",
        "repo": "flake-utils",
        "type": "github"
      }
    },
    "nixpkgs": {
      "locked": {
        "lastModified": 1647297614,
        "narHash": "sha256-ulGq3W5XsrBMU/u5k9d4oPy65pQTkunR4HKKtTq0RwY=",
        "owner": "NixOS",
        "repo": "nixpkgs",
        "rev": "73ad5f9e147c0d2a2061f1d4bd91e05078dc0b58",
        "type": "github"
      },
      "original": {
        "id": "nixpkgs",
        "ref": "nixos-unstable",
        "type": "indirect"
      }
    },
    "nixpkgs-master": {
      "locked": {
        "lastModified": 1647607240,
        "narHash": "sha256-Jbr1XDBSf0Zcnf6iEE/9E98XtqQ0B3d74u1FZDgje1k=",
        "owner": "NixOS",
        "repo": "nixpkgs",
        "rev": "1e6df25095097535a7370fc9afc5696dbe4b0242",
        "type": "github"
      },
      "original": {
        "id": "nixpkgs",
        "ref": "master",
        "type": "indirect"
      }
    },
    "nixpkgs-staging-next": {
      "locked": {
        "lastModified": 1647604884,
        "narHash": "sha256-3YPRfM7i9PPt8/MCs+JLtWynlbXkkMgaLqK7G4ZPQQU=",
        "owner": "NixOS",
        "repo": "nixpkgs",
        "rev": "b66750f0635cf3e98740ac71af8c44b8860626e0",
        "type": "github"
      },
      "original": {
        "id": "nixpkgs",
        "ref": "staging-next",
        "type": "indirect"
      }
    },
    "root": {
      "inputs": {
        "flake-utils": "flake-utils",
        "nixpkgs": "nixpkgs",
        "nixpkgs-master": "nixpkgs-master",
        "nixpkgs-staging-next": "nixpkgs-staging-next"
      }
    }
  },
  "root": "root",
  "version": 7
}
